
Microsoft Visual Studio Solution File, Format Version 12.00
# Visual Studio 15
VisualStudioVersion = 15.0.27130.2036
MinimumVisualStudioVersion = 10.0.40219.1
Project("{2150E333-8FDC-42A3-9474-1A3956D46DE8}") = "src", "src", "{037440DE-440B-4129-9F7A-09B42D00397E}"
EndProject
Project("{2150E333-8FDC-42A3-9474-1A3956D46DE8}") = "assets", "assets", "{E9D1B5E1-DEB9-4A04-8BAB-24EC7240ADAF}"
	ProjectSection(SolutionItems) = preProject
		Build.ps1 = Build.ps1
		README.md = README.md
		assets\Serilog.snk = assets\Serilog.snk
	EndProjectSection
EndProject
Project("{2150E333-8FDC-42A3-9474-1A3956D46DE8}") = "test", "test", "{7B927378-9F16-4F6F-B3F6-156395136646}"
EndProject
Project("{9A19103F-16F7-4668-BE54-9A1E7A4F7556}") = "Serilog.Settings.AppSettings", "src\Serilog.Settings.AppSettings\Serilog.Settings.AppSettings.csproj", "{0D9F37E3-2CB4-4C0D-A307-32BB71DEFDD4}"
EndProject
Project("{FAE04EC0-301F-11D3-BF4B-00C04F79EFBC}") = "Serilog.Settings.AppSettings.Tests", "test\Serilog.Settings.AppSettings.Tests\Serilog.Settings.AppSettings.Tests.csproj", "{1A0E25F6-B619-440D-BF49-CCBD98666A7C}"
EndProject
Global
	GlobalSection(SolutionConfigurationPlatforms) = preSolution
		Debug|Any CPU = Debug|Any CPU
		Release|Any CPU = Release|Any CPU
	EndGlobalSection
	GlobalSection(ProjectConfigurationPlatforms) = postSolution
		{0D9F37E3-2CB4-4C0D-A307-32BB71DEFDD4}.Debug|Any CPU.ActiveCfg = Debug|Any CPU
		{0D9F37E3-2CB4-4C0D-A307-32BB71DEFDD4}.Debug|Any CPU.Build.0 = Debug|Any CPU
		{0D9F37E3-2CB4-4C0D-A307-32BB71DEFDD4}.Release|Any CPU.ActiveCfg = Release|Any CPU
		{0D9F37E3-2CB4-4C0D-A307-32BB71DEFDD4}.Release|Any CPU.Build.0 = Release|Any CPU
		{1A0E25F6-B619-440D-BF49-CCBD98666A7C}.Debug|Any CPU.ActiveCfg = Debug|Any CPU
		{1A0E25F6-B619-440D-BF49-CCBD98666A7C}.Debug|Any CPU.Build.0 = Debug|Any CPU
		{1A0E25F6-B619-440D-BF49-CCBD98666A7C}.Release|Any CPU.ActiveCfg = Release|Any CPU
		{1A0E25F6-B619-440D-BF49-CCBD98666A7C}.Release|Any CPU.Build.0 = Release|Any CPU
	EndGlobalSection
	GlobalSection(SolutionProperties) = preSolution
		HideSolutionNode = FALSE
	EndGlobalSection
	GlobalSection(NestedProjects) = preSolution
		{0D9F37E3-2CB4-4C0D-A307-32BB71DEFDD4} = {037440DE-440B-4129-9F7A-09B42D00397E}
		{1A0E25F6-B619-440D-BF49-CCBD98666A7C} = {7B927378-9F16-4F6F-B3F6-156395136646}
	EndGlobalSection
	GlobalSection(ExtensibilityGlobals) = postSolution
		SolutionGuid = {5FEAB963-FB05-4C61-9B3F-DCF1BE9BB28C}
	EndGlobalSection
EndGlobal
